<?xml version="1.0" encoding="utf-8"?>
<Project ToolsVersion="4.0" xmlns="http://schemas.microsoft.com/developer/msbuild/2003">
  <ItemGroup>
    <Filter Include="Source Files">
      <UniqueIdentifier>{4FC737F1-C7A5-4376-A066-2A32D752A2FF}</UniqueIdentifier>
      <Extensions>cpp;c;cc;cxx;c++;cppm;ixx;def;odl;idl;hpj;bat;asm;asmx</Extensions>
    </Filter>
    <Filter Include="Header Files">
      <UniqueIdentifier>{93995380-89BD-4b04-88EB-625FBE52EBFB}</UniqueIdentifier>
      <Extensions>h;hh;hpp;hxx;h++;hm;inl;inc;ipp;xsd</Extensions>
    </Filter>
    <Filter Include="Resource Files">
      <UniqueIdentifier>{67DA6AB6-F800-4c08-8B7A-83BB121AAD01}</UniqueIdentifier>
      <Extensions>rc;ico;cur;bmp;dlg;rc2;rct;bin;rgs;gif;jpg;jpeg;jpe;resx;tiff;tif;png;wav;mfcribbon-ms</Extensions>
    </Filter>
  </ItemGroup>
  <ItemGroup>
    <ClCompile Include="cConsole.cpp">
      <Filter>Source Files</Filter>
    </ClCompile>
    <ClCompile Include="cDate.cpp">
      <Filter>Source Files</Filter>
    </ClCompile>
    <ClCompile Include="cOrder.cpp">
      <Filter>Source Files</Filter>
    </ClCompile>
    <ClCompile Include="cProduct.cpp">
      <Filter>Source Files</Filter>
    </ClCompile>
    <ClCompile Include="cShoppingCart.cpp">
      <Filter>Source Files</Filter>
    </ClCompile>
    <ClCompile Include="cStore.cpp">
      <Filter>Source Files</Filter>
    </ClCompile>
    <ClCompile Include="cUser.cpp">
      <Filter>Source Files</Filter>
    </ClCompile>
    <ClCompile Include="iConsoleState.cpp">
      <Filter>Source Files</Filter>
    </ClCompile>
    <ClCompile Include="iCustomerRank.cpp">
      <Filter>Source Files</Filter>
    </ClCompile>
    <ClCompile Include="iDiscountCode.cpp">
      <Filter>Source Files</Filter>
    </ClCompile>
    <ClCompile Include="iPaymentMethod.cpp">
      <Filter>Source Files</Filter>
    </ClCompile>
    <ClCompile Include="iPaymentMethodFactory.cpp">
      <Filter>Source Files</Filter>
    </ClCompile>
    <ClCompile Include="iProductBuilder.cpp">
      <Filter>Source Files</Filter>
    </ClCompile>
    <ClCompile Include="iProductCategory.cpp">
      <Filter>Source Files</Filter>
    </ClCompile>
    <ClCompile Include="iShippingStrategy.cpp">
      <Filter>Source Files</Filter>
    </ClCompile>
    <ClCompile Include="iUserManagement.cpp">
      <Filter>Source Files</Filter>
    </ClCompile>
    <ClCompile Include="main.cpp">
      <Filter>Source Files</Filter>
    </ClCompile>
    <ClCompile Include="uConsoleDecorator.cpp">
      <Filter>Source Files</Filter>
    </ClCompile>
    <ClCompile Include="uDataConverter.cpp">
      <Filter>Source Files</Filter>
    </ClCompile>
    <ClCompile Include="uDataManager.cpp">
      <Filter>Source Files</Filter>
    </ClCompile>
    <ClCompile Include="uDataStorage.cpp">
      <Filter>Source Files</Filter>
    </ClCompile>
    <ClCompile Include="cReview.cpp">
      <Filter>Source Files</Filter>
    </ClCompile>
  </ItemGroup>
  <ItemGroup>
    <ClInclude Include="cConsole.h">
      <Filter>Header Files</Filter>
    </ClInclude>
    <ClInclude Include="cDate.h">
      <Filter>Header Files</Filter>
    </ClInclude>
    <ClInclude Include="cOrder.h">
      <Filter>Header Files</Filter>
    </ClInclude>
    <ClInclude Include="cProduct.h">
      <Filter>Header Files</Filter>
    </ClInclude>
    <ClInclude Include="cShoppingCart.h">
      <Filter>Header Files</Filter>
    </ClInclude>
    <ClInclude Include="cStore.h">
      <Filter>Header Files</Filter>
    </ClInclude>
    <ClInclude Include="cUser.h">
      <Filter>Header Files</Filter>
    </ClInclude>
    <ClInclude Include="iConsoleState.h">
      <Filter>Header Files</Filter>
    </ClInclude>
    <ClInclude Include="iCustomerRank.h">
      <Filter>Header Files</Filter>
    </ClInclude>
    <ClInclude Include="iDiscountCode.h">
      <Filter>Header Files</Filter>
    </ClInclude>
    <ClInclude Include="iPaymentMethod.h">
      <Filter>Header Files</Filter>
    </ClInclude>
    <ClInclude Include="iPaymentMethodFactory.h">
      <Filter>Header Files</Filter>
    </ClInclude>
    <ClInclude Include="iProductBuilder.h">
      <Filter>Header Files</Filter>
    </ClInclude>
    <ClInclude Include="iProductCategory.h">
      <Filter>Header Files</Filter>
    </ClInclude>
    <ClInclude Include="iShippingStrategy.h">
      <Filter>Header Files</Filter>
    </ClInclude>
    <ClInclude Include="iUserManagement.h">
      <Filter>Header Files</Filter>
    </ClInclude>
    <ClInclude Include="uConsoleDecorator.h">
      <Filter>Header Files</Filter>
    </ClInclude>
    <ClInclude Include="uDataConverter.h">
      <Filter>Header Files</Filter>
    </ClInclude>
    <ClInclude Include="uDataManager.h">
      <Filter>Header Files</Filter>
    </ClInclude>
    <ClInclude Include="uDataStorage.h">
      <Filter>Header Files</Filter>
    </ClInclude>
    <ClInclude Include="cReview.h">
      <Filter>Header Files</Filter>
    </ClInclude>
  </ItemGroup>
</Project>